// !$*UTF8*$!
{
	archiveVersion = 1;
	classes = {
	};
	objectVersion = 50;
	objects = {

/* Begin PBXBuildFile section */
		1B217F8526D9C33A00DA811A /* ClimbStairs.swift in Sources */ = {isa = PBXBuildFile; fileRef = 1B217F8426D9C33A00DA811A /* ClimbStairs.swift */; };
		1B217F8A26D9C62700DA811A /* ClimbStairsTests.swift in Sources */ = {isa = PBXBuildFile; fileRef = 1B217F8926D9C62700DA811A /* ClimbStairsTests.swift */; };
		1B217F9026D9CA2B00DA811A /* InvertBinaryTree.swift in Sources */ = {isa = PBXBuildFile; fileRef = 1B217F8F26D9CA2B00DA811A /* InvertBinaryTree.swift */; };
		1B217F9426D9D46700DA811A /* ValidBST.swift in Sources */ = {isa = PBXBuildFile; fileRef = 1B217F9326D9D46700DA811A /* ValidBST.swift */; };
		1B217F9826D9D76000DA811A /* ValidBSTTests.swift in Sources */ = {isa = PBXBuildFile; fileRef = 1B217F9726D9D76000DA811A /* ValidBSTTests.swift */; };
		1B2B7FDF26CE5891009EBF25 /* ShiftLetters.swift in Sources */ = {isa = PBXBuildFile; fileRef = 1B2B7FDE26CE5891009EBF25 /* ShiftLetters.swift */; };
		1B43103B26DC6E330059281B /* BTMinDepth.swift in Sources */ = {isa = PBXBuildFile; fileRef = 1B43103A26DC6E330059281B /* BTMinDepth.swift */; };
		1B43103F26DC70B80059281B /* BTMinDepthTests.swift in Sources */ = {isa = PBXBuildFile; fileRef = 1B43103E26DC70B80059281B /* BTMinDepthTests.swift */; };
		1B43104326DC75500059281B /* BTCodec.swift in Sources */ = {isa = PBXBuildFile; fileRef = 1B43104226DC75500059281B /* BTCodec.swift */; };
		1B507D1A26C94A70009DDBCF /* TwoSum.swift in Sources */ = {isa = PBXBuildFile; fileRef = 1B507D1926C94A70009DDBCF /* TwoSum.swift */; };
		1B8192AF26D0E8DA000A2861 /* ThreeSum.swift in Sources */ = {isa = PBXBuildFile; fileRef = 1B8192AE26D0E8DA000A2861 /* ThreeSum.swift */; };
		1B8192C226D0EBB9000A2861 /* ThreeSumTests.swift in Sources */ = {isa = PBXBuildFile; fileRef = 1B8192C126D0EBB9000A2861 /* ThreeSumTests.swift */; };
		1B83DA6226CFF305004839F0 /* Solution.swift in Sources */ = {isa = PBXBuildFile; fileRef = 1B83DA6126CFF305004839F0 /* Solution.swift */; };
		1B83DA6626CFF43A004839F0 /* SubsetOne.swift in Sources */ = {isa = PBXBuildFile; fileRef = 1B83DA6526CFF43A004839F0 /* SubsetOne.swift */; };
		1B83DA6A26CFF443004839F0 /* SubsetTwo.swift in Sources */ = {isa = PBXBuildFile; fileRef = 1B83DA6926CFF443004839F0 /* SubsetTwo.swift */; };
		1BAF3DB826CBF48900D0F384 /* ThreeLargestNumber.swift in Sources */ = {isa = PBXBuildFile; fileRef = 1BAF3DB726CBF48900D0F384 /* ThreeLargestNumber.swift */; };
		1BB1741D26CA9EB10066177E /* ValidSubsequence.swift in Sources */ = {isa = PBXBuildFile; fileRef = 1BB1741C26CA9EB10066177E /* ValidSubsequence.swift */; };
		1BB2C48026D736BA000A0E3C /* QuickSorting.swift in Sources */ = {isa = PBXBuildFile; fileRef = 1BB2C47F26D736BA000A0E3C /* QuickSorting.swift */; };
		1BB2C48426D73D3A000A0E3C /* QuickSortTests.swift in Sources */ = {isa = PBXBuildFile; fileRef = 1BB2C48326D73D3A000A0E3C /* QuickSortTests.swift */; };
		1BB2C48A26D7449A000A0E3C /* PartitionArrayNumberK.swift in Sources */ = {isa = PBXBuildFile; fileRef = 1BB2C48926D7449A000A0E3C /* PartitionArrayNumberK.swift */; };
		1BB2C48E26D75A54000A0E3C /* PartitionArrayNumberKTests.swift in Sources */ = {isa = PBXBuildFile; fileRef = 1BB2C48D26D75A54000A0E3C /* PartitionArrayNumberKTests.swift */; };
		1BC0BE6726D3CF77002115C1 /* BTPreorderTraversal.swift in Sources */ = {isa = PBXBuildFile; fileRef = 1BC0BE6626D3CF77002115C1 /* BTPreorderTraversal.swift */; };
		1BC0BE6D26D3D047002115C1 /* BinaryTree.swift in Sources */ = {isa = PBXBuildFile; fileRef = 1BC0BE6C26D3D047002115C1 /* BinaryTree.swift */; };
		1BC0BE7226D3D505002115C1 /* Stack.swift in Sources */ = {isa = PBXBuildFile; fileRef = 1BC0BE7126D3D505002115C1 /* Stack.swift */; };
		1BCDDB5526C7E958007C744C /* AppDelegate.swift in Sources */ = {isa = PBXBuildFile; fileRef = 1BCDDB5426C7E958007C744C /* AppDelegate.swift */; };
		1BCDDB5726C7E958007C744C /* SceneDelegate.swift in Sources */ = {isa = PBXBuildFile; fileRef = 1BCDDB5626C7E958007C744C /* SceneDelegate.swift */; };
		1BCDDB5926C7E958007C744C /* ViewController.swift in Sources */ = {isa = PBXBuildFile; fileRef = 1BCDDB5826C7E958007C744C /* ViewController.swift */; };
		1BCDDB5C26C7E958007C744C /* Main.storyboard in Resources */ = {isa = PBXBuildFile; fileRef = 1BCDDB5A26C7E958007C744C /* Main.storyboard */; };
		1BCDDB5E26C7E959007C744C /* Assets.xcassets in Resources */ = {isa = PBXBuildFile; fileRef = 1BCDDB5D26C7E959007C744C /* Assets.xcassets */; };
		1BCDDB6126C7E959007C744C /* LaunchScreen.storyboard in Resources */ = {isa = PBXBuildFile; fileRef = 1BCDDB5F26C7E959007C744C /* LaunchScreen.storyboard */; };
		1BCDDB6A26C7E971007C744C /* MergeSort.swift in Sources */ = {isa = PBXBuildFile; fileRef = 1BCDDB6926C7E971007C744C /* MergeSort.swift */; };
		1BD1DF6D26CD411F006753F3 /* CaesarCipherEncryptor.swift in Sources */ = {isa = PBXBuildFile; fileRef = 1BD1DF6C26CD411F006753F3 /* CaesarCipherEncryptor.swift */; };
		1BD3F92726D7B37400869C6F /* BTMaxPathSum.swift in Sources */ = {isa = PBXBuildFile; fileRef = 1BD3F92626D7B37400869C6F /* BTMaxPathSum.swift */; };
		1BD3F92C26D7B54C00869C6F /* BTMaxPathSumTests.swift in Sources */ = {isa = PBXBuildFile; fileRef = 1BD3F92B26D7B54C00869C6F /* BTMaxPathSumTests.swift */; };
		1BD6851826D51D08007B5B7B /* BTMaxDepth.swift in Sources */ = {isa = PBXBuildFile; fileRef = 1BD6851726D51D08007B5B7B /* BTMaxDepth.swift */; };
		1BD6851E26D51FAA007B5B7B /* BTBalancedTree.swift in Sources */ = {isa = PBXBuildFile; fileRef = 1BD6851D26D51FAA007B5B7B /* BTBalancedTree.swift */; };
		1BDC65BE26D6732700018F2A /* MergeSorting.swift in Sources */ = {isa = PBXBuildFile; fileRef = 1BDC65BD26D6732700018F2A /* MergeSorting.swift */; };
		1BDC65C326D676E700018F2A /* MergeSortTests.swift in Sources */ = {isa = PBXBuildFile; fileRef = 1BDC65C226D676E700018F2A /* MergeSortTests.swift */; };
		1BF4667026D8709C00FE8E28 /* GenerateParentheses.swift in Sources */ = {isa = PBXBuildFile; fileRef = 1BF4666F26D8709C00FE8E28 /* GenerateParentheses.swift */; };
/* End PBXBuildFile section */

/* Begin PBXContainerItemProxy section */
		1B8192BA26D0EB8D000A2861 /* PBXContainerItemProxy */ = {
			isa = PBXContainerItemProxy;
			containerPortal = 1BCDDB4926C7E958007C744C /* Project object */;
			proxyType = 1;
			remoteGlobalIDString = 1BCDDB5026C7E958007C744C;
			remoteInfo = Sort_It;
		};
/* End PBXContainerItemProxy section */

/* Begin PBXFileReference section */
		1B13310726D7CD5500ECB588 /* README.md */ = {isa = PBXFileReference; lastKnownFileType = net.daringfireball.markdown; path = README.md; sourceTree = "<group>"; };
		1B217F8426D9C33A00DA811A /* ClimbStairs.swift */ = {isa = PBXFileReference; lastKnownFileType = sourcecode.swift; path = ClimbStairs.swift; sourceTree = "<group>"; };
		1B217F8926D9C62700DA811A /* ClimbStairsTests.swift */ = {isa = PBXFileReference; lastKnownFileType = sourcecode.swift; path = ClimbStairsTests.swift; sourceTree = "<group>"; };
		1B217F8F26D9CA2B00DA811A /* InvertBinaryTree.swift */ = {isa = PBXFileReference; lastKnownFileType = sourcecode.swift; path = InvertBinaryTree.swift; sourceTree = "<group>"; };
		1B217F9326D9D46700DA811A /* ValidBST.swift */ = {isa = PBXFileReference; lastKnownFileType = sourcecode.swift; path = ValidBST.swift; sourceTree = "<group>"; };
		1B217F9726D9D76000DA811A /* ValidBSTTests.swift */ = {isa = PBXFileReference; lastKnownFileType = sourcecode.swift; path = ValidBSTTests.swift; sourceTree = "<group>"; };
		1B2B7FDE26CE5891009EBF25 /* ShiftLetters.swift */ = {isa = PBXFileReference; lastKnownFileType = sourcecode.swift; path = ShiftLetters.swift; sourceTree = "<group>"; };
		1B43103A26DC6E330059281B /* BTMinDepth.swift */ = {isa = PBXFileReference; lastKnownFileType = sourcecode.swift; path = BTMinDepth.swift; sourceTree = "<group>"; };
		1B43103E26DC70B80059281B /* BTMinDepthTests.swift */ = {isa = PBXFileReference; lastKnownFileType = sourcecode.swift; path = BTMinDepthTests.swift; sourceTree = "<group>"; };
		1B43104226DC75500059281B /* BTCodec.swift */ = {isa = PBXFileReference; lastKnownFileType = sourcecode.swift; path = BTCodec.swift; sourceTree = "<group>"; };
		1B507D1926C94A70009DDBCF /* TwoSum.swift */ = {isa = PBXFileReference; lastKnownFileType = sourcecode.swift; path = TwoSum.swift; sourceTree = "<group>"; };
		1B8192AE26D0E8DA000A2861 /* ThreeSum.swift */ = {isa = PBXFileReference; lastKnownFileType = sourcecode.swift; path = ThreeSum.swift; sourceTree = "<group>"; };
		1B8192B526D0EB8D000A2861 /* Sort_It_Tests.xctest */ = {isa = PBXFileReference; explicitFileType = wrapper.cfbundle; includeInIndex = 0; path = Sort_It_Tests.xctest; sourceTree = BUILT_PRODUCTS_DIR; };
		1B8192B926D0EB8D000A2861 /* Info.plist */ = {isa = PBXFileReference; lastKnownFileType = text.plist.xml; path = Info.plist; sourceTree = "<group>"; };
		1B8192C126D0EBB9000A2861 /* ThreeSumTests.swift */ = {isa = PBXFileReference; lastKnownFileType = sourcecode.swift; path = ThreeSumTests.swift; sourceTree = "<group>"; };
		1B83DA6126CFF305004839F0 /* Solution.swift */ = {isa = PBXFileReference; lastKnownFileType = sourcecode.swift; path = Solution.swift; sourceTree = "<group>"; };
		1B83DA6526CFF43A004839F0 /* SubsetOne.swift */ = {isa = PBXFileReference; lastKnownFileType = sourcecode.swift; path = SubsetOne.swift; sourceTree = "<group>"; };
		1B83DA6926CFF443004839F0 /* SubsetTwo.swift */ = {isa = PBXFileReference; lastKnownFileType = sourcecode.swift; path = SubsetTwo.swift; sourceTree = "<group>"; };
		1BAF3DB726CBF48900D0F384 /* ThreeLargestNumber.swift */ = {isa = PBXFileReference; lastKnownFileType = sourcecode.swift; path = ThreeLargestNumber.swift; sourceTree = "<group>"; };
		1BB1741C26CA9EB10066177E /* ValidSubsequence.swift */ = {isa = PBXFileReference; lastKnownFileType = sourcecode.swift; path = ValidSubsequence.swift; sourceTree = "<group>"; };
		1BB2C47F26D736BA000A0E3C /* QuickSorting.swift */ = {isa = PBXFileReference; lastKnownFileType = sourcecode.swift; path = QuickSorting.swift; sourceTree = "<group>"; };
		1BB2C48326D73D3A000A0E3C /* QuickSortTests.swift */ = {isa = PBXFileReference; lastKnownFileType = sourcecode.swift; path = QuickSortTests.swift; sourceTree = "<group>"; };
		1BB2C48926D7449A000A0E3C /* PartitionArrayNumberK.swift */ = {isa = PBXFileReference; lastKnownFileType = sourcecode.swift; path = PartitionArrayNumberK.swift; sourceTree = "<group>"; };
		1BB2C48D26D75A54000A0E3C /* PartitionArrayNumberKTests.swift */ = {isa = PBXFileReference; lastKnownFileType = sourcecode.swift; path = PartitionArrayNumberKTests.swift; sourceTree = "<group>"; };
		1BC0BE6626D3CF77002115C1 /* BTPreorderTraversal.swift */ = {isa = PBXFileReference; lastKnownFileType = sourcecode.swift; path = BTPreorderTraversal.swift; sourceTree = "<group>"; };
		1BC0BE6C26D3D047002115C1 /* BinaryTree.swift */ = {isa = PBXFileReference; lastKnownFileType = sourcecode.swift; path = BinaryTree.swift; sourceTree = "<group>"; };
		1BC0BE7126D3D505002115C1 /* Stack.swift */ = {isa = PBXFileReference; lastKnownFileType = sourcecode.swift; path = Stack.swift; sourceTree = "<group>"; };
		1BCDDB5126C7E958007C744C /* Sort_It.app */ = {isa = PBXFileReference; explicitFileType = wrapper.application; includeInIndex = 0; path = Sort_It.app; sourceTree = BUILT_PRODUCTS_DIR; };
		1BCDDB5426C7E958007C744C /* AppDelegate.swift */ = {isa = PBXFileReference; lastKnownFileType = sourcecode.swift; path = AppDelegate.swift; sourceTree = "<group>"; };
		1BCDDB5626C7E958007C744C /* SceneDelegate.swift */ = {isa = PBXFileReference; lastKnownFileType = sourcecode.swift; path = SceneDelegate.swift; sourceTree = "<group>"; };
		1BCDDB5826C7E958007C744C /* ViewController.swift */ = {isa = PBXFileReference; lastKnownFileType = sourcecode.swift; path = ViewController.swift; sourceTree = "<group>"; };
		1BCDDB5B26C7E958007C744C /* Base */ = {isa = PBXFileReference; lastKnownFileType = file.storyboard; name = Base; path = Base.lproj/Main.storyboard; sourceTree = "<group>"; };
		1BCDDB5D26C7E959007C744C /* Assets.xcassets */ = {isa = PBXFileReference; lastKnownFileType = folder.assetcatalog; path = Assets.xcassets; sourceTree = "<group>"; };
		1BCDDB6026C7E959007C744C /* Base */ = {isa = PBXFileReference; lastKnownFileType = file.storyboard; name = Base; path = Base.lproj/LaunchScreen.storyboard; sourceTree = "<group>"; };
		1BCDDB6226C7E959007C744C /* Info.plist */ = {isa = PBXFileReference; lastKnownFileType = text.plist.xml; path = Info.plist; sourceTree = "<group>"; };
		1BCDDB6926C7E971007C744C /* MergeSort.swift */ = {isa = PBXFileReference; lastKnownFileType = sourcecode.swift; path = MergeSort.swift; sourceTree = "<group>"; };
		1BD1DF6C26CD411F006753F3 /* CaesarCipherEncryptor.swift */ = {isa = PBXFileReference; lastKnownFileType = sourcecode.swift; path = CaesarCipherEncryptor.swift; sourceTree = "<group>"; };
		1BD3F92626D7B37400869C6F /* BTMaxPathSum.swift */ = {isa = PBXFileReference; lastKnownFileType = sourcecode.swift; path = BTMaxPathSum.swift; sourceTree = "<group>"; };
		1BD3F92B26D7B54C00869C6F /* BTMaxPathSumTests.swift */ = {isa = PBXFileReference; lastKnownFileType = sourcecode.swift; path = BTMaxPathSumTests.swift; sourceTree = "<group>"; };
		1BD6851726D51D08007B5B7B /* BTMaxDepth.swift */ = {isa = PBXFileReference; lastKnownFileType = sourcecode.swift; path = BTMaxDepth.swift; sourceTree = "<group>"; };
		1BD6851D26D51FAA007B5B7B /* BTBalancedTree.swift */ = {isa = PBXFileReference; lastKnownFileType = sourcecode.swift; path = BTBalancedTree.swift; sourceTree = "<group>"; };
		1BDC65BD26D6732700018F2A /* MergeSorting.swift */ = {isa = PBXFileReference; lastKnownFileType = sourcecode.swift; path = MergeSorting.swift; sourceTree = "<group>"; };
		1BDC65C226D676E700018F2A /* MergeSortTests.swift */ = {isa = PBXFileReference; lastKnownFileType = sourcecode.swift; path = MergeSortTests.swift; sourceTree = "<group>"; };
		1BF4666E26D86DA400FE8E28 /* README.md */ = {isa = PBXFileReference; lastKnownFileType = net.daringfireball.markdown; path = README.md; sourceTree = "<group>"; };
		1BF4666F26D8709C00FE8E28 /* GenerateParentheses.swift */ = {isa = PBXFileReference; lastKnownFileType = sourcecode.swift; path = GenerateParentheses.swift; sourceTree = "<group>"; };
/* End PBXFileReference section */

/* Begin PBXFrameworksBuildPhase section */
		1B8192B226D0EB8D000A2861 /* Frameworks */ = {
			isa = PBXFrameworksBuildPhase;
			buildActionMask = 2147483647;
			files = (
			);
			runOnlyForDeploymentPostprocessing = 0;
		};
		1BCDDB4E26C7E958007C744C /* Frameworks */ = {
			isa = PBXFrameworksBuildPhase;
			buildActionMask = 2147483647;
			files = (
			);
			runOnlyForDeploymentPostprocessing = 0;
		};
/* End PBXFrameworksBuildPhase section */

/* Begin PBXGroup section */
		1B13310526D7CC2400ECB588 /* Divide&Conquer */ = {
			isa = PBXGroup;
			children = (
				1BF4666E26D86DA400FE8E28 /* README.md */,
			);
			path = "Divide&Conquer";
			sourceTree = "<group>";
		};
		1B13310626D7CD3A00ECB588 /* Recursion */ = {
			isa = PBXGroup;
			children = (
				1B13310726D7CD5500ECB588 /* README.md */,
				1BF4666F26D8709C00FE8E28 /* GenerateParentheses.swift */,
				1B217F8426D9C33A00DA811A /* ClimbStairs.swift */,
			);
			path = Recursion;
			sourceTree = "<group>";
		};
		1B217F8826D9C57E00DA811A /* Recursion */ = {
			isa = PBXGroup;
			children = (
				1B217F8926D9C62700DA811A /* ClimbStairsTests.swift */,
			);
			path = Recursion;
			sourceTree = "<group>";
		};
		1B8192AD26D0E88B000A2861 /* NSum */ = {
			isa = PBXGroup;
			children = (
				1B507D1926C94A70009DDBCF /* TwoSum.swift */,
				1B8192AE26D0E8DA000A2861 /* ThreeSum.swift */,
			);
			path = NSum;
			sourceTree = "<group>";
		};
		1B8192B626D0EB8D000A2861 /* Sort_It_Tests */ = {
			isa = PBXGroup;
			children = (
				1B217F8826D9C57E00DA811A /* Recursion */,
				1BD3F92A26D7B52400869C6F /* BinaryTree */,
				1BDC65C126D676D200018F2A /* Sort */,
				1B8192C526D0EBBE000A2861 /* NSum */,
				1B8192B926D0EB8D000A2861 /* Info.plist */,
			);
			path = Sort_It_Tests;
			sourceTree = "<group>";
		};
		1B8192C526D0EBBE000A2861 /* NSum */ = {
			isa = PBXGroup;
			children = (
				1B8192C126D0EBB9000A2861 /* ThreeSumTests.swift */,
			);
			path = NSum;
			sourceTree = "<group>";
		};
		1B83DA6426CFF328004839F0 /* Subset */ = {
			isa = PBXGroup;
			children = (
				1B83DA6526CFF43A004839F0 /* SubsetOne.swift */,
				1B83DA6926CFF443004839F0 /* SubsetTwo.swift */,
			);
			path = Subset;
			sourceTree = "<group>";
		};
		1BC0BE6526D3CDB9002115C1 /* BinaryTree */ = {
			isa = PBXGroup;
			children = (
				1BC0BE6626D3CF77002115C1 /* BTPreorderTraversal.swift */,
				1BC0BE6C26D3D047002115C1 /* BinaryTree.swift */,
				1BD6851726D51D08007B5B7B /* BTMaxDepth.swift */,
				1BD6851D26D51FAA007B5B7B /* BTBalancedTree.swift */,
				1BD3F92626D7B37400869C6F /* BTMaxPathSum.swift */,
				1B217F8F26D9CA2B00DA811A /* InvertBinaryTree.swift */,
				1B217F9326D9D46700DA811A /* ValidBST.swift */,
				1B43103A26DC6E330059281B /* BTMinDepth.swift */,
				1B43104226DC75500059281B /* BTCodec.swift */,
			);
			path = BinaryTree;
			sourceTree = "<group>";
		};
		1BC0BE7026D3D4F0002115C1 /* Foundation */ = {
			isa = PBXGroup;
			children = (
				1BC0BE7126D3D505002115C1 /* Stack.swift */,
			);
			path = Foundation;
			sourceTree = "<group>";
		};
		1BCDDB4826C7E958007C744C = {
			isa = PBXGroup;
			children = (
				1BCDDB5326C7E958007C744C /* Sort_It */,
				1B8192B626D0EB8D000A2861 /* Sort_It_Tests */,
				1BCDDB5226C7E958007C744C /* Products */,
			);
			sourceTree = "<group>";
		};
		1BCDDB5226C7E958007C744C /* Products */ = {
			isa = PBXGroup;
			children = (
				1BCDDB5126C7E958007C744C /* Sort_It.app */,
				1B8192B526D0EB8D000A2861 /* Sort_It_Tests.xctest */,
			);
			name = Products;
			sourceTree = "<group>";
		};
		1BCDDB5326C7E958007C744C /* Sort_It */ = {
			isa = PBXGroup;
			children = (
				1B13310626D7CD3A00ECB588 /* Recursion */,
				1B13310526D7CC2400ECB588 /* Divide&Conquer */,
				1BDC65BC26D672B400018F2A /* Sort */,
				1BC0BE7026D3D4F0002115C1 /* Foundation */,
				1BC0BE6526D3CDB9002115C1 /* BinaryTree */,
				1B8192AD26D0E88B000A2861 /* NSum */,
				1B83DA6426CFF328004839F0 /* Subset */,
				1BCDDB5426C7E958007C744C /* AppDelegate.swift */,
				1BCDDB5626C7E958007C744C /* SceneDelegate.swift */,
				1BCDDB5826C7E958007C744C /* ViewController.swift */,
				1BCDDB5A26C7E958007C744C /* Main.storyboard */,
				1BCDDB5D26C7E959007C744C /* Assets.xcassets */,
				1BCDDB5F26C7E959007C744C /* LaunchScreen.storyboard */,
				1BCDDB6226C7E959007C744C /* Info.plist */,
				1BCDDB6926C7E971007C744C /* MergeSort.swift */,
				1BD1DF6C26CD411F006753F3 /* CaesarCipherEncryptor.swift */,
				1BB1741C26CA9EB10066177E /* ValidSubsequence.swift */,
				1BAF3DB726CBF48900D0F384 /* ThreeLargestNumber.swift */,
				1B2B7FDE26CE5891009EBF25 /* ShiftLetters.swift */,
				1B83DA6126CFF305004839F0 /* Solution.swift */,
			);
			path = Sort_It;
			sourceTree = "<group>";
		};
		1BD3F92A26D7B52400869C6F /* BinaryTree */ = {
			isa = PBXGroup;
			children = (
				1BD3F92B26D7B54C00869C6F /* BTMaxPathSumTests.swift */,
				1B217F9726D9D76000DA811A /* ValidBSTTests.swift */,
				1B43103E26DC70B80059281B /* BTMinDepthTests.swift */,
			);
			path = BinaryTree;
			sourceTree = "<group>";
		};
		1BDC65BC26D672B400018F2A /* Sort */ = {
			isa = PBXGroup;
			children = (
				1BDC65BD26D6732700018F2A /* MergeSorting.swift */,
				1BB2C47F26D736BA000A0E3C /* QuickSorting.swift */,
				1BB2C48926D7449A000A0E3C /* PartitionArrayNumberK.swift */,
			);
			path = Sort;
			sourceTree = "<group>";
		};
		1BDC65C126D676D200018F2A /* Sort */ = {
			isa = PBXGroup;
			children = (
				1BDC65C226D676E700018F2A /* MergeSortTests.swift */,
				1BB2C48326D73D3A000A0E3C /* QuickSortTests.swift */,
				1BB2C48D26D75A54000A0E3C /* PartitionArrayNumberKTests.swift */,
			);
			path = Sort;
			sourceTree = "<group>";
		};
/* End PBXGroup section */

/* Begin PBXNativeTarget section */
		1B8192B426D0EB8D000A2861 /* Sort_It_Tests */ = {
			isa = PBXNativeTarget;
			buildConfigurationList = 1B8192BC26D0EB8D000A2861 /* Build configuration list for PBXNativeTarget "Sort_It_Tests" */;
			buildPhases = (
				1B8192B126D0EB8D000A2861 /* Sources */,
				1B8192B226D0EB8D000A2861 /* Frameworks */,
				1B8192B326D0EB8D000A2861 /* Resources */,
			);
			buildRules = (
			);
			dependencies = (
				1B8192BB26D0EB8D000A2861 /* PBXTargetDependency */,
			);
			name = Sort_It_Tests;
			productName = Sort_It_Tests;
			productReference = 1B8192B526D0EB8D000A2861 /* Sort_It_Tests.xctest */;
			productType = "com.apple.product-type.bundle.unit-test";
		};
		1BCDDB5026C7E958007C744C /* Sort_It */ = {
			isa = PBXNativeTarget;
			buildConfigurationList = 1BCDDB6526C7E959007C744C /* Build configuration list for PBXNativeTarget "Sort_It" */;
			buildPhases = (
				1BCDDB4D26C7E958007C744C /* Sources */,
				1BCDDB4E26C7E958007C744C /* Frameworks */,
				1BCDDB4F26C7E958007C744C /* Resources */,
			);
			buildRules = (
			);
			dependencies = (
			);
			name = Sort_It;
			productName = Sort_It;
			productReference = 1BCDDB5126C7E958007C744C /* Sort_It.app */;
			productType = "com.apple.product-type.application";
		};
/* End PBXNativeTarget section */

/* Begin PBXProject section */
		1BCDDB4926C7E958007C744C /* Project object */ = {
			isa = PBXProject;
			attributes = {
				LastSwiftUpdateCheck = 1240;
				LastUpgradeCheck = 1240;
				TargetAttributes = {
					1B8192B426D0EB8D000A2861 = {
						CreatedOnToolsVersion = 12.4;
						TestTargetID = 1BCDDB5026C7E958007C744C;
					};
					1BCDDB5026C7E958007C744C = {
						CreatedOnToolsVersion = 12.4;
					};
				};
			};
			buildConfigurationList = 1BCDDB4C26C7E958007C744C /* Build configuration list for PBXProject "Sort_It" */;
			compatibilityVersion = "Xcode 9.3";
			developmentRegion = en;
			hasScannedForEncodings = 0;
			knownRegions = (
				en,
				Base,
			);
			mainGroup = 1BCDDB4826C7E958007C744C;
			productRefGroup = 1BCDDB5226C7E958007C744C /* Products */;
			projectDirPath = "";
			projectRoot = "";
			targets = (
				1BCDDB5026C7E958007C744C /* Sort_It */,
				1B8192B426D0EB8D000A2861 /* Sort_It_Tests */,
			);
		};
/* End PBXProject section */

/* Begin PBXResourcesBuildPhase section */
		1B8192B326D0EB8D000A2861 /* Resources */ = {
			isa = PBXResourcesBuildPhase;
			buildActionMask = 2147483647;
			files = (
			);
			runOnlyForDeploymentPostprocessing = 0;
		};
		1BCDDB4F26C7E958007C744C /* Resources */ = {
			isa = PBXResourcesBuildPhase;
			buildActionMask = 2147483647;
			files = (
				1BCDDB6126C7E959007C744C /* LaunchScreen.storyboard in Resources */,
				1BCDDB5E26C7E959007C744C /* Assets.xcassets in Resources */,
				1BCDDB5C26C7E958007C744C /* Main.storyboard in Resources */,
			);
			runOnlyForDeploymentPostprocessing = 0;
		};
/* End PBXResourcesBuildPhase section */

/* Begin PBXSourcesBuildPhase section */
		1B8192B126D0EB8D000A2861 /* Sources */ = {
			isa = PBXSourcesBuildPhase;
			buildActionMask = 2147483647;
			files = (
				1B217F9826D9D76000DA811A /* ValidBSTTests.swift in Sources */,
				1BDC65C326D676E700018F2A /* MergeSortTests.swift in Sources */,
				1B43103F26DC70B80059281B /* BTMinDepthTests.swift in Sources */,
				1B8192C226D0EBB9000A2861 /* ThreeSumTests.swift in Sources */,
				1BD3F92C26D7B54C00869C6F /* BTMaxPathSumTests.swift in Sources */,
				1BB2C48E26D75A54000A0E3C /* PartitionArrayNumberKTests.swift in Sources */,
				1BB2C48426D73D3A000A0E3C /* QuickSortTests.swift in Sources */,
				1B217F8A26D9C62700DA811A /* ClimbStairsTests.swift in Sources */,
			);
			runOnlyForDeploymentPostprocessing = 0;
		};
		1BCDDB4D26C7E958007C744C /* Sources */ = {
			isa = PBXSourcesBuildPhase;
			buildActionMask = 2147483647;
			files = (
				1BC0BE6D26D3D047002115C1 /* BinaryTree.swift in Sources */,
				1B217F8526D9C33A00DA811A /* ClimbStairs.swift in Sources */,
				1BCDDB5926C7E958007C744C /* ViewController.swift in Sources */,
				1BD6851826D51D08007B5B7B /* BTMaxDepth.swift in Sources */,
				1B83DA6A26CFF443004839F0 /* SubsetTwo.swift in Sources */,
				1BB2C48A26D7449A000A0E3C /* PartitionArrayNumberK.swift in Sources */,
				1B217F9026D9CA2B00DA811A /* InvertBinaryTree.swift in Sources */,
				1BC0BE7226D3D505002115C1 /* Stack.swift in Sources */,
				1BC0BE6726D3CF77002115C1 /* BTPreorderTraversal.swift in Sources */,
				1B2B7FDF26CE5891009EBF25 /* ShiftLetters.swift in Sources */,
				1BD6851E26D51FAA007B5B7B /* BTBalancedTree.swift in Sources */,
				1BD1DF6D26CD411F006753F3 /* CaesarCipherEncryptor.swift in Sources */,
				1B83DA6226CFF305004839F0 /* Solution.swift in Sources */,
				1B43103B26DC6E330059281B /* BTMinDepth.swift in Sources */,
				1B8192AF26D0E8DA000A2861 /* ThreeSum.swift in Sources */,
				1BF4667026D8709C00FE8E28 /* GenerateParentheses.swift in Sources */,
				1B43104326DC75500059281B /* BTCodec.swift in Sources */,
				1BB1741D26CA9EB10066177E /* ValidSubsequence.swift in Sources */,
				1B83DA6626CFF43A004839F0 /* SubsetOne.swift in Sources */,
				1B507D1A26C94A70009DDBCF /* TwoSum.swift in Sources */,
				1B217F9426D9D46700DA811A /* ValidBST.swift in Sources */,
				1BB2C48026D736BA000A0E3C /* QuickSorting.swift in Sources */,
				1BCDDB5526C7E958007C744C /* AppDelegate.swift in Sources */,
				1BCDDB6A26C7E971007C744C /* MergeSort.swift in Sources */,
				1BAF3DB826CBF48900D0F384 /* ThreeLargestNumber.swift in Sources */,
				1BD3F92726D7B37400869C6F /* BTMaxPathSum.swift in Sources */,
				1BCDDB5726C7E958007C744C /* SceneDelegate.swift in Sources */,
				1BDC65BE26D6732700018F2A /* MergeSorting.swift in Sources */,
			);
			runOnlyForDeploymentPostprocessing = 0;
		};
/* End PBXSourcesBuildPhase section */

/* Begin PBXTargetDependency section */
		1B8192BB26D0EB8D000A2861 /* PBXTargetDependency */ = {
			isa = PBXTargetDependency;
			target = 1BCDDB5026C7E958007C744C /* Sort_It */;
			targetProxy = 1B8192BA26D0EB8D000A2861 /* PBXContainerItemProxy */;
		};
/* End PBXTargetDependency section */

/* Begin PBXVariantGroup section */
		1BCDDB5A26C7E958007C744C /* Main.storyboard */ = {
			isa = PBXVariantGroup;
			children = (
				1BCDDB5B26C7E958007C744C /* Base */,
			);
			name = Main.storyboard;
			sourceTree = "<group>";
		};
		1BCDDB5F26C7E959007C744C /* LaunchScreen.storyboard */ = {
			isa = PBXVariantGroup;
			children = (
				1BCDDB6026C7E959007C744C /* Base */,
			);
			name = LaunchScreen.storyboard;
			sourceTree = "<group>";
		};
/* End PBXVariantGroup section */

/* Begin XCBuildConfiguration section */
		1B8192BD26D0EB8D000A2861 /* Debug */ = {
			isa = XCBuildConfiguration;
			buildSettings = {
				BUNDLE_LOADER = "$(TEST_HOST)";
				CODE_SIGN_STYLE = Automatic;
				DEVELOPMENT_TEAM = 6SW7JHPZX2;
				INFOPLIST_FILE = Sort_It_Tests/Info.plist;
				LD_RUNPATH_SEARCH_PATHS = (
					"$(inherited)",
					"@executable_path/Frameworks",
					"@loader_path/Frameworks",
				);
				PRODUCT_BUNDLE_IDENTIFIER = "design.itman.Sort-It-Tests";
				PRODUCT_NAME = "$(TARGET_NAME)";
				SWIFT_VERSION = 5.0;
				TARGETED_DEVICE_FAMILY = "1,2";
				TEST_HOST = "$(BUILT_PRODUCTS_DIR)/Sort_It.app/Sort_It";
			};
			name = Debug;
		};
		1B8192BE26D0EB8D000A2861 /* Release */ = {
			isa = XCBuildConfiguration;
			buildSettings = {
				BUNDLE_LOADER = "$(TEST_HOST)";
				CODE_SIGN_STYLE = Automatic;
				DEVELOPMENT_TEAM = 6SW7JHPZX2;
				INFOPLIST_FILE = Sort_It_Tests/Info.plist;
				LD_RUNPATH_SEARCH_PATHS = (
					"$(inherited)",
					"@executable_path/Frameworks",
					"@loader_path/Frameworks",
				);
				PRODUCT_BUNDLE_IDENTIFIER = "design.itman.Sort-It-Tests";
				PRODUCT_NAME = "$(TARGET_NAME)";
				SWIFT_VERSION = 5.0;
				TARGETED_DEVICE_FAMILY = "1,2";
				TEST_HOST = "$(BUILT_PRODUCTS_DIR)/Sort_It.app/Sort_It";
			};
			name = Release;
		};
		1BCDDB6326C7E959007C744C /* Debug */ = {
			isa = XCBuildConfiguration;
			buildSettings = {
				ALWAYS_SEARCH_USER_PATHS = NO;
				CLANG_ANALYZER_NONNULL = YES;
				CLANG_ANALYZER_NUMBER_OBJECT_CONVERSION = YES_AGGRESSIVE;
				CLANG_CXX_LANGUAGE_STANDARD = "gnu++14";
				CLANG_CXX_LIBRARY = "libc++";
				CLANG_ENABLE_MODULES = YES;
				CLANG_ENABLE_OBJC_ARC = YES;
				CLANG_ENABLE_OBJC_WEAK = YES;
				CLANG_WARN_BLOCK_CAPTURE_AUTORELEASING = YES;
				CLANG_WARN_BOOL_CONVERSION = YES;
				CLANG_WARN_COMMA = YES;
				CLANG_WARN_CONSTANT_CONVERSION = YES;
				CLANG_WARN_DEPRECATED_OBJC_IMPLEMENTATIONS = YES;
				CLANG_WARN_DIRECT_OBJC_ISA_USAGE = YES_ERROR;
				CLANG_WARN_DOCUMENTATION_COMMENTS = YES;
				CLANG_WARN_EMPTY_BODY = YES;
				CLANG_WARN_ENUM_CONVERSION = YES;
				CLANG_WARN_INFINITE_RECURSION = YES;
				CLANG_WARN_INT_CONVERSION = YES;
				CLANG_WARN_NON_LITERAL_NULL_CONVERSION = YES;
				CLANG_WARN_OBJC_IMPLICIT_RETAIN_SELF = YES;
				CLANG_WARN_OBJC_LITERAL_CONVERSION = YES;
				CLANG_WARN_OBJC_ROOT_CLASS = YES_ERROR;
				CLANG_WARN_QUOTED_INCLUDE_IN_FRAMEWORK_HEADER = YES;
				CLANG_WARN_RANGE_LOOP_ANALYSIS = YES;
				CLANG_WARN_STRICT_PROTOTYPES = YES;
				CLANG_WARN_SUSPICIOUS_MOVE = YES;
				CLANG_WARN_UNGUARDED_AVAILABILITY = YES_AGGRESSIVE;
				CLANG_WARN_UNREACHABLE_CODE = YES;
				CLANG_WARN__DUPLICATE_METHOD_MATCH = YES;
				COPY_PHASE_STRIP = NO;
				DEBUG_INFORMATION_FORMAT = dwarf;
				ENABLE_STRICT_OBJC_MSGSEND = YES;
				ENABLE_TESTABILITY = YES;
				GCC_C_LANGUAGE_STANDARD = gnu11;
				GCC_DYNAMIC_NO_PIC = NO;
				GCC_NO_COMMON_BLOCKS = YES;
				GCC_OPTIMIZATION_LEVEL = 0;
				GCC_PREPROCESSOR_DEFINITIONS = (
					"DEBUG=1",
					"$(inherited)",
				);
				GCC_WARN_64_TO_32_BIT_CONVERSION = YES;
				GCC_WARN_ABOUT_RETURN_TYPE = YES_ERROR;
				GCC_WARN_UNDECLARED_SELECTOR = YES;
				GCC_WARN_UNINITIALIZED_AUTOS = YES_AGGRESSIVE;
				GCC_WARN_UNUSED_FUNCTION = YES;
				GCC_WARN_UNUSED_VARIABLE = YES;
				IPHONEOS_DEPLOYMENT_TARGET = 14.4;
				MTL_ENABLE_DEBUG_INFO = INCLUDE_SOURCE;
				MTL_FAST_MATH = YES;
				ONLY_ACTIVE_ARCH = YES;
				SDKROOT = iphoneos;
				SWIFT_ACTIVE_COMPILATION_CONDITIONS = DEBUG;
				SWIFT_OPTIMIZATION_LEVEL = "-Onone";
			};
			name = Debug;
		};
		1BCDDB6426C7E959007C744C /* Release */ = {
			isa = XCBuildConfiguration;
			buildSettings = {
				ALWAYS_SEARCH_USER_PATHS = NO;
				CLANG_ANALYZER_NONNULL = YES;
				CLANG_ANALYZER_NUMBER_OBJECT_CONVERSION = YES_AGGRESSIVE;
				CLANG_CXX_LANGUAGE_STANDARD = "gnu++14";
				CLANG_CXX_LIBRARY = "libc++";
				CLANG_ENABLE_MODULES = YES;
				CLANG_ENABLE_OBJC_ARC = YES;
				CLANG_ENABLE_OBJC_WEAK = YES;
				CLANG_WARN_BLOCK_CAPTURE_AUTORELEASING = YES;
				CLANG_WARN_BOOL_CONVERSION = YES;
				CLANG_WARN_COMMA = YES;
				CLANG_WARN_CONSTANT_CONVERSION = YES;
				CLANG_WARN_DEPRECATED_OBJC_IMPLEMENTATIONS = YES;
				CLANG_WARN_DIRECT_OBJC_ISA_USAGE = YES_ERROR;
				CLANG_WARN_DOCUMENTATION_COMMENTS = YES;
				CLANG_WARN_EMPTY_BODY = YES;
				CLANG_WARN_ENUM_CONVERSION = YES;
				CLANG_WARN_INFINITE_RECURSION = YES;
				CLANG_WARN_INT_CONVERSION = YES;
				CLANG_WARN_NON_LITERAL_NULL_CONVERSION = YES;
				CLANG_WARN_OBJC_IMPLICIT_RETAIN_SELF = YES;
				CLANG_WARN_OBJC_LITERAL_CONVERSION = YES;
				CLANG_WARN_OBJC_ROOT_CLASS = YES_ERROR;
				CLANG_WARN_QUOTED_INCLUDE_IN_FRAMEWORK_HEADER = YES;
				CLANG_WARN_RANGE_LOOP_ANALYSIS = YES;
				CLANG_WARN_STRICT_PROTOTYPES = YES;
				CLANG_WARN_SUSPICIOUS_MOVE = YES;
				CLANG_WARN_UNGUARDED_AVAILABILITY = YES_AGGRESSIVE;
				CLANG_WARN_UNREACHABLE_CODE = YES;
				CLANG_WARN__DUPLICATE_METHOD_MATCH = YES;
				COPY_PHASE_STRIP = NO;
				DEBUG_INFORMATION_FORMAT = "dwarf-with-dsym";
				ENABLE_NS_ASSERTIONS = NO;
				ENABLE_STRICT_OBJC_MSGSEND = YES;
				GCC_C_LANGUAGE_STANDARD = gnu11;
				GCC_NO_COMMON_BLOCKS = YES;
				GCC_WARN_64_TO_32_BIT_CONVERSION = YES;
				GCC_WARN_ABOUT_RETURN_TYPE = YES_ERROR;
				GCC_WARN_UNDECLARED_SELECTOR = YES;
				GCC_WARN_UNINITIALIZED_AUTOS = YES_AGGRESSIVE;
				GCC_WARN_UNUSED_FUNCTION = YES;
				GCC_WARN_UNUSED_VARIABLE = YES;
				IPHONEOS_DEPLOYMENT_TARGET = 14.4;
				MTL_ENABLE_DEBUG_INFO = NO;
				MTL_FAST_MATH = YES;
				SDKROOT = iphoneos;
				SWIFT_COMPILATION_MODE = wholemodule;
				SWIFT_OPTIMIZATION_LEVEL = "-O";
				VALIDATE_PRODUCT = YES;
			};
			name = Release;
		};
		1BCDDB6626C7E959007C744C /* Debug */ = {
			isa = XCBuildConfiguration;
			buildSettings = {
				ASSETCATALOG_COMPILER_APPICON_NAME = AppIcon;
				ASSETCATALOG_COMPILER_GLOBAL_ACCENT_COLOR_NAME = AccentColor;
				CODE_SIGN_STYLE = Automatic;
				DEVELOPMENT_TEAM = 6SW7JHPZX2;
				INFOPLIST_FILE = Sort_It/Info.plist;
				LD_RUNPATH_SEARCH_PATHS = (
					"$(inherited)",
					"@executable_path/Frameworks",
				);
				PRODUCT_BUNDLE_IDENTIFIER = "design.itman.Sort-It";
				PRODUCT_NAME = "$(TARGET_NAME)";
				SWIFT_VERSION = 5.0;
				TARGETED_DEVICE_FAMILY = "1,2";
			};
			name = Debug;
		};
		1BCDDB6726C7E959007C744C /* Release */ = {
			isa = XCBuildConfiguration;
			buildSettings = {
				ASSETCATALOG_COMPILER_APPICON_NAME = AppIcon;
				ASSETCATALOG_COMPILER_GLOBAL_ACCENT_COLOR_NAME = AccentColor;
				CODE_SIGN_STYLE = Automatic;
				DEVELOPMENT_TEAM = 6SW7JHPZX2;
				INFOPLIST_FILE = Sort_It/Info.plist;
				LD_RUNPATH_SEARCH_PATHS = (
					"$(inherited)",
					"@executable_path/Frameworks",
				);
				PRODUCT_BUNDLE_IDENTIFIER = "design.itman.Sort-It";
				PRODUCT_NAME = "$(TARGET_NAME)";
				SWIFT_VERSION = 5.0;
				TARGETED_DEVICE_FAMILY = "1,2";
			};
			name = Release;
		};
/* End XCBuildConfiguration section */

/* Begin XCConfigurationList section */
		1B8192BC26D0EB8D000A2861 /* Build configuration list for PBXNativeTarget "Sort_It_Tests" */ = {
			isa = XCConfigurationList;
			buildConfigurations = (
				1B8192BD26D0EB8D000A2861 /* Debug */,
				1B8192BE26D0EB8D000A2861 /* Release */,
			);
			defaultConfigurationIsVisible = 0;
			defaultConfigurationName = Release;
		};
		1BCDDB4C26C7E958007C744C /* Build configuration list for PBXProject "Sort_It" */ = {
			isa = XCConfigurationList;
			buildConfigurations = (
				1BCDDB6326C7E959007C744C /* Debug */,
				1BCDDB6426C7E959007C744C /* Release */,
			);
			defaultConfigurationIsVisible = 0;
			defaultConfigurationName = Release;
		};
		1BCDDB6526C7E959007C744C /* Build configuration list for PBXNativeTarget "Sort_It" */ = {
			isa = XCConfigurationList;
			buildConfigurations = (
				1BCDDB6626C7E959007C744C /* Debug */,
				1BCDDB6726C7E959007C744C /* Release */,
			);
			defaultConfigurationIsVisible = 0;
			defaultConfigurationName = Release;
		};
/* End XCConfigurationList section */
	};
	rootObject = 1BCDDB4926C7E958007C744C /* Project object */;
}
