// !$*UTF8*$!
{
	archiveVersion = 1;
	classes = {
	};
	objectVersion = 48;
	objects = {

/* Begin PBXBuildFile section */
		04B5207EC8A7CAF8B127F3BE /* Pods_3_RxSwift_Debug.framework in Frameworks */ = {isa = PBXBuildFile; fileRef = 0DFBBF8F684F07BD519AD3C6 /* Pods_3_RxSwift_Debug.framework */; };
		D6FE13E7207733D8004B7025 /* AppDelegate.swift in Sources */ = {isa = PBXBuildFile; fileRef = D6FE13E6207733D8004B7025 /* AppDelegate.swift */; };
		D6FE13E9207733D8004B7025 /* ViewController.swift in Sources */ = {isa = PBXBuildFile; fileRef = D6FE13E8207733D8004B7025 /* ViewController.swift */; };
		D6FE13EC207733D8004B7025 /* Main.storyboard in Resources */ = {isa = PBXBuildFile; fileRef = D6FE13EA207733D8004B7025 /* Main.storyboard */; };
		D6FE13EE207733D8004B7025 /* Assets.xcassets in Resources */ = {isa = PBXBuildFile; fileRef = D6FE13ED207733D8004B7025 /* Assets.xcassets */; };
		D6FE13F1207733D8004B7025 /* LaunchScreen.storyboard in Resources */ = {isa = PBXBuildFile; fileRef = D6FE13EF207733D8004B7025 /* LaunchScreen.storyboard */; };
/* End PBXBuildFile section */

/* Begin PBXFileReference section */
		0DFBBF8F684F07BD519AD3C6 /* Pods_3_RxSwift_Debug.framework */ = {isa = PBXFileReference; explicitFileType = wrapper.framework; includeInIndex = 0; path = Pods_3_RxSwift_Debug.framework; sourceTree = BUILT_PRODUCTS_DIR; };
		386D87172E68E4545B0A2515 /* Pods-3-RxSwift-Debug.debug.xcconfig */ = {isa = PBXFileReference; includeInIndex = 1; lastKnownFileType = text.xcconfig; name = "Pods-3-RxSwift-Debug.debug.xcconfig"; path = "Pods/Target Support Files/Pods-3-RxSwift-Debug/Pods-3-RxSwift-Debug.debug.xcconfig"; sourceTree = "<group>"; };
		D6FE13E3207733D8004B7025 /* 3-RxSwift-Debug.app */ = {isa = PBXFileReference; explicitFileType = wrapper.application; includeInIndex = 0; path = "3-RxSwift-Debug.app"; sourceTree = BUILT_PRODUCTS_DIR; };
		D6FE13E6207733D8004B7025 /* AppDelegate.swift */ = {isa = PBXFileReference; lastKnownFileType = sourcecode.swift; path = AppDelegate.swift; sourceTree = "<group>"; };
		D6FE13E8207733D8004B7025 /* ViewController.swift */ = {isa = PBXFileReference; lastKnownFileType = sourcecode.swift; path = ViewController.swift; sourceTree = "<group>"; };
		D6FE13EB207733D8004B7025 /* Base */ = {isa = PBXFileReference; lastKnownFileType = file.storyboard; name = Base; path = Base.lproj/Main.storyboard; sourceTree = "<group>"; };
		D6FE13ED207733D8004B7025 /* Assets.xcassets */ = {isa = PBXFileReference; lastKnownFileType = folder.assetcatalog; path = Assets.xcassets; sourceTree = "<group>"; };
		D6FE13F0207733D8004B7025 /* Base */ = {isa = PBXFileReference; lastKnownFileType = file.storyboard; name = Base; path = Base.lproj/LaunchScreen.storyboard; sourceTree = "<group>"; };
		D6FE13F2207733D8004B7025 /* Info.plist */ = {isa = PBXFileReference; lastKnownFileType = text.plist.xml; path = Info.plist; sourceTree = "<group>"; };
		D89DD72A3656F95DC1552704 /* Pods-3-RxSwift-Debug.release.xcconfig */ = {isa = PBXFileReference; includeInIndex = 1; lastKnownFileType = text.xcconfig; name = "Pods-3-RxSwift-Debug.release.xcconfig"; path = "Pods/Target Support Files/Pods-3-RxSwift-Debug/Pods-3-RxSwift-Debug.release.xcconfig"; sourceTree = "<group>"; };
/* End PBXFileReference section */

/* Begin PBXFrameworksBuildPhase section */
		D6FE13E0207733D8004B7025 /* Frameworks */ = {
			isa = PBXFrameworksBuildPhase;
			buildActionMask = 2147483647;
			files = (
				04B5207EC8A7CAF8B127F3BE /* Pods_3_RxSwift_Debug.framework in Frameworks */,
			);
			runOnlyForDeploymentPostprocessing = 0;
		};
/* End PBXFrameworksBuildPhase section */

/* Begin PBXGroup section */
		122AA90F56BC67B8C7575599 /* Frameworks */ = {
			isa = PBXGroup;
			children = (
				0DFBBF8F684F07BD519AD3C6 /* Pods_3_RxSwift_Debug.framework */,
			);
			name = Frameworks;
			sourceTree = "<group>";
		};
		7C9ED9793BC4E2FF45541C7F /* Pods */ = {
			isa = PBXGroup;
			children = (
				386D87172E68E4545B0A2515 /* Pods-3-RxSwift-Debug.debug.xcconfig */,
				D89DD72A3656F95DC1552704 /* Pods-3-RxSwift-Debug.release.xcconfig */,
			);
			name = Pods;
			sourceTree = "<group>";
		};
		D6FE13DA207733D8004B7025 = {
			isa = PBXGroup;
			children = (
				D6FE13E5207733D8004B7025 /* 3-RxSwift-Debug */,
				D6FE13E4207733D8004B7025 /* Products */,
				7C9ED9793BC4E2FF45541C7F /* Pods */,
				122AA90F56BC67B8C7575599 /* Frameworks */,
			);
			sourceTree = "<group>";
		};
		D6FE13E4207733D8004B7025 /* Products */ = {
			isa = PBXGroup;
			children = (
				D6FE13E3207733D8004B7025 /* 3-RxSwift-Debug.app */,
			);
			name = Products;
			sourceTree = "<group>";
		};
		D6FE13E5207733D8004B7025 /* 3-RxSwift-Debug */ = {
			isa = PBXGroup;
			children = (
				D6FE13E6207733D8004B7025 /* AppDelegate.swift */,
				D6FE13E8207733D8004B7025 /* ViewController.swift */,
				D6FE13EA207733D8004B7025 /* Main.storyboard */,
				D6FE13ED207733D8004B7025 /* Assets.xcassets */,
				D6FE13EF207733D8004B7025 /* LaunchScreen.storyboard */,
				D6FE13F2207733D8004B7025 /* Info.plist */,
			);
			path = "3-RxSwift-Debug";
			sourceTree = "<group>";
		};
/* End PBXGroup section */

/* Begin PBXNativeTarget section */
		D6FE13E2207733D8004B7025 /* 3-RxSwift-Debug */ = {
			isa = PBXNativeTarget;
			buildConfigurationList = D6FE13F5207733D8004B7025 /* Build configuration list for PBXNativeTarget "3-RxSwift-Debug" */;
			buildPhases = (
				BB976FA697FAE432E54E951D /* [CP] Check Pods Manifest.lock */,
				D6FE13DF207733D8004B7025 /* Sources */,
				D6FE13E0207733D8004B7025 /* Frameworks */,
				D6FE13E1207733D8004B7025 /* Resources */,
				F83A61080687909FA2F401DA /* [CP] Embed Pods Frameworks */,
				D288C3B07EB2584F8831E840 /* [CP] Copy Pods Resources */,
			);
			buildRules = (
			);
			dependencies = (
			);
			name = "3-RxSwift-Debug";
			productName = "3-RxSwift-Debug";
			productReference = D6FE13E3207733D8004B7025 /* 3-RxSwift-Debug.app */;
			productType = "com.apple.product-type.application";
		};
/* End PBXNativeTarget section */

/* Begin PBXProject section */
		D6FE13DB207733D8004B7025 /* Project object */ = {
			isa = PBXProject;
			attributes = {
				LastSwiftUpdateCheck = 0910;
				LastUpgradeCheck = 0910;
				ORGANIZATIONNAME = "Junliang Jiang";
				TargetAttributes = {
					D6FE13E2207733D8004B7025 = {
						CreatedOnToolsVersion = 9.1;
						ProvisioningStyle = Manual;
					};
				};
			};
			buildConfigurationList = D6FE13DE207733D8004B7025 /* Build configuration list for PBXProject "3-RxSwift-Debug" */;
			compatibilityVersion = "Xcode 8.0";
			developmentRegion = en;
			hasScannedForEncodings = 0;
			knownRegions = (
				en,
				Base,
			);
			mainGroup = D6FE13DA207733D8004B7025;
			productRefGroup = D6FE13E4207733D8004B7025 /* Products */;
			projectDirPath = "";
			projectRoot = "";
			targets = (
				D6FE13E2207733D8004B7025 /* 3-RxSwift-Debug */,
			);
		};
/* End PBXProject section */

/* Begin PBXResourcesBuildPhase section */
		D6FE13E1207733D8004B7025 /* Resources */ = {
			isa = PBXResourcesBuildPhase;
			buildActionMask = 2147483647;
			files = (
				D6FE13F1207733D8004B7025 /* LaunchScreen.storyboard in Resources */,
				D6FE13EE207733D8004B7025 /* Assets.xcassets in Resources */,
				D6FE13EC207733D8004B7025 /* Main.storyboard in Resources */,
			);
			runOnlyForDeploymentPostprocessing = 0;
		};
/* End PBXResourcesBuildPhase section */

/* Begin PBXShellScriptBuildPhase section */
		BB976FA697FAE432E54E951D /* [CP] Check Pods Manifest.lock */ = {
			isa = PBXShellScriptBuildPhase;
			buildActionMask = 2147483647;
			files = (
			);
			inputPaths = (
				"${PODS_PODFILE_DIR_PATH}/Podfile.lock",
				"${PODS_ROOT}/Manifest.lock",
			);
			name = "[CP] Check Pods Manifest.lock";
			outputPaths = (
				"$(DERIVED_FILE_DIR)/Pods-3-RxSwift-Debug-checkManifestLockResult.txt",
			);
			runOnlyForDeploymentPostprocessing = 0;
			shellPath = /bin/sh;
			shellScript = "diff \"${PODS_PODFILE_DIR_PATH}/Podfile.lock\" \"${PODS_ROOT}/Manifest.lock\" > /dev/null\nif [ $? != 0 ] ; then\n    # print error to STDERR\n    echo \"error: The sandbox is not in sync with the Podfile.lock. Run 'pod install' or update your CocoaPods installation.\" >&2\n    exit 1\nfi\n# This output is used by Xcode 'outputs' to avoid re-running this script phase.\necho \"SUCCESS\" > \"${SCRIPT_OUTPUT_FILE_0}\"\n";
			showEnvVarsInLog = 0;
		};
		D288C3B07EB2584F8831E840 /* [CP] Copy Pods Resources */ = {
			isa = PBXShellScriptBuildPhase;
			buildActionMask = 2147483647;
			files = (
			);
			inputPaths = (
			);
			name = "[CP] Copy Pods Resources";
			outputPaths = (
			);
			runOnlyForDeploymentPostprocessing = 0;
			shellPath = /bin/sh;
			shellScript = "\"${SRCROOT}/Pods/Target Support Files/Pods-3-RxSwift-Debug/Pods-3-RxSwift-Debug-resources.sh\"\n";
			showEnvVarsInLog = 0;
		};
		F83A61080687909FA2F401DA /* [CP] Embed Pods Frameworks */ = {
			isa = PBXShellScriptBuildPhase;
			buildActionMask = 2147483647;
			files = (
			);
			inputPaths = (
				"${SRCROOT}/Pods/Target Support Files/Pods-3-RxSwift-Debug/Pods-3-RxSwift-Debug-frameworks.sh",
				"${BUILT_PRODUCTS_DIR}/RxCocoa/RxCocoa.framework",
				"${BUILT_PRODUCTS_DIR}/RxSwift/RxSwift.framework",
			);
			name = "[CP] Embed Pods Frameworks";
			outputPaths = (
				"${TARGET_BUILD_DIR}/${FRAMEWORKS_FOLDER_PATH}/RxCocoa.framework",
				"${TARGET_BUILD_DIR}/${FRAMEWORKS_FOLDER_PATH}/RxSwift.framework",
			);
			runOnlyForDeploymentPostprocessing = 0;
			shellPath = /bin/sh;
			shellScript = "\"${SRCROOT}/Pods/Target Support Files/Pods-3-RxSwift-Debug/Pods-3-RxSwift-Debug-frameworks.sh\"\n";
			showEnvVarsInLog = 0;
		};
/* End PBXShellScriptBuildPhase section */

/* Begin PBXSourcesBuildPhase section */
		D6FE13DF207733D8004B7025 /* Sources */ = {
			isa = PBXSourcesBuildPhase;
			buildActionMask = 2147483647;
			files = (
				D6FE13E9207733D8004B7025 /* ViewController.swift in Sources */,
				D6FE13E7207733D8004B7025 /* AppDelegate.swift in Sources */,
			);
			runOnlyForDeploymentPostprocessing = 0;
		};
/* End PBXSourcesBuildPhase section */

/* Begin PBXVariantGroup section */
		D6FE13EA207733D8004B7025 /* Main.storyboard */ = {
			isa = PBXVariantGroup;
			children = (
				D6FE13EB207733D8004B7025 /* Base */,
			);
			name = Main.storyboard;
			sourceTree = "<group>";
		};
		D6FE13EF207733D8004B7025 /* LaunchScreen.storyboard */ = {
			isa = PBXVariantGroup;
			children = (
				D6FE13F0207733D8004B7025 /* Base */,
			);
			name = LaunchScreen.storyboard;
			sourceTree = "<group>";
		};
/* End PBXVariantGroup section */

/* Begin XCBuildConfiguration section */
		D6FE13F3207733D8004B7025 /* Debug */ = {
			isa = XCBuildConfiguration;
			buildSettings = {
				ALWAYS_SEARCH_USER_PATHS = NO;
				CLANG_ANALYZER_NONNULL = YES;
				CLANG_ANALYZER_NUMBER_OBJECT_CONVERSION = YES_AGGRESSIVE;
				CLANG_CXX_LANGUAGE_STANDARD = "gnu++14";
				CLANG_CXX_LIBRARY = "libc++";
				CLANG_ENABLE_MODULES = YES;
				CLANG_ENABLE_OBJC_ARC = YES;
				CLANG_WARN_BLOCK_CAPTURE_AUTORELEASING = YES;
				CLANG_WARN_BOOL_CONVERSION = YES;
				CLANG_WARN_COMMA = YES;
				CLANG_WARN_CONSTANT_CONVERSION = YES;
				CLANG_WARN_DIRECT_OBJC_ISA_USAGE = YES_ERROR;
				CLANG_WARN_DOCUMENTATION_COMMENTS = YES;
				CLANG_WARN_EMPTY_BODY = YES;
				CLANG_WARN_ENUM_CONVERSION = YES;
				CLANG_WARN_INFINITE_RECURSION = YES;
				CLANG_WARN_INT_CONVERSION = YES;
				CLANG_WARN_NON_LITERAL_NULL_CONVERSION = YES;
				CLANG_WARN_OBJC_LITERAL_CONVERSION = YES;
				CLANG_WARN_OBJC_ROOT_CLASS = YES_ERROR;
				CLANG_WARN_RANGE_LOOP_ANALYSIS = YES;
				CLANG_WARN_STRICT_PROTOTYPES = YES;
				CLANG_WARN_SUSPICIOUS_MOVE = YES;
				CLANG_WARN_UNGUARDED_AVAILABILITY = YES_AGGRESSIVE;
				CLANG_WARN_UNREACHABLE_CODE = YES;
				CLANG_WARN__DUPLICATE_METHOD_MATCH = YES;
				CODE_SIGN_IDENTITY = "iPhone Developer";
				COPY_PHASE_STRIP = NO;
				DEBUG_INFORMATION_FORMAT = dwarf;
				ENABLE_STRICT_OBJC_MSGSEND = YES;
				ENABLE_TESTABILITY = YES;
				GCC_C_LANGUAGE_STANDARD = gnu11;
				GCC_DYNAMIC_NO_PIC = NO;
				GCC_NO_COMMON_BLOCKS = YES;
				GCC_OPTIMIZATION_LEVEL = 0;
				GCC_PREPROCESSOR_DEFINITIONS = (
					"DEBUG=1",
					"$(inherited)",
				);
				GCC_WARN_64_TO_32_BIT_CONVERSION = YES;
				GCC_WARN_ABOUT_RETURN_TYPE = YES_ERROR;
				GCC_WARN_UNDECLARED_SELECTOR = YES;
				GCC_WARN_UNINITIALIZED_AUTOS = YES_AGGRESSIVE;
				GCC_WARN_UNUSED_FUNCTION = YES;
				GCC_WARN_UNUSED_VARIABLE = YES;
				IPHONEOS_DEPLOYMENT_TARGET = 11.1;
				MTL_ENABLE_DEBUG_INFO = YES;
				ONLY_ACTIVE_ARCH = YES;
				SDKROOT = iphoneos;
				SWIFT_ACTIVE_COMPILATION_CONDITIONS = DEBUG;
				SWIFT_OPTIMIZATION_LEVEL = "-Onone";
			};
			name = Debug;
		};
		D6FE13F4207733D8004B7025 /* Release */ = {
			isa = XCBuildConfiguration;
			buildSettings = {
				ALWAYS_SEARCH_USER_PATHS = NO;
				CLANG_ANALYZER_NONNULL = YES;
				CLANG_ANALYZER_NUMBER_OBJECT_CONVERSION = YES_AGGRESSIVE;
				CLANG_CXX_LANGUAGE_STANDARD = "gnu++14";
				CLANG_CXX_LIBRARY = "libc++";
				CLANG_ENABLE_MODULES = YES;
				CLANG_ENABLE_OBJC_ARC = YES;
				CLANG_WARN_BLOCK_CAPTURE_AUTORELEASING = YES;
				CLANG_WARN_BOOL_CONVERSION = YES;
				CLANG_WARN_COMMA = YES;
				CLANG_WARN_CONSTANT_CONVERSION = YES;
				CLANG_WARN_DIRECT_OBJC_ISA_USAGE = YES_ERROR;
				CLANG_WARN_DOCUMENTATION_COMMENTS = YES;
				CLANG_WARN_EMPTY_BODY = YES;
				CLANG_WARN_ENUM_CONVERSION = YES;
				CLANG_WARN_INFINITE_RECURSION = YES;
				CLANG_WARN_INT_CONVERSION = YES;
				CLANG_WARN_NON_LITERAL_NULL_CONVERSION = YES;
				CLANG_WARN_OBJC_LITERAL_CONVERSION = YES;
				CLANG_WARN_OBJC_ROOT_CLASS = YES_ERROR;
				CLANG_WARN_RANGE_LOOP_ANALYSIS = YES;
				CLANG_WARN_STRICT_PROTOTYPES = YES;
				CLANG_WARN_SUSPICIOUS_MOVE = YES;
				CLANG_WARN_UNGUARDED_AVAILABILITY = YES_AGGRESSIVE;
				CLANG_WARN_UNREACHABLE_CODE = YES;
				CLANG_WARN__DUPLICATE_METHOD_MATCH = YES;
				CODE_SIGN_IDENTITY = "iPhone Developer";
				COPY_PHASE_STRIP = NO;
				DEBUG_INFORMATION_FORMAT = "dwarf-with-dsym";
				ENABLE_NS_ASSERTIONS = NO;
				ENABLE_STRICT_OBJC_MSGSEND = YES;
				GCC_C_LANGUAGE_STANDARD = gnu11;
				GCC_NO_COMMON_BLOCKS = YES;
				GCC_WARN_64_TO_32_BIT_CONVERSION = YES;
				GCC_WARN_ABOUT_RETURN_TYPE = YES_ERROR;
				GCC_WARN_UNDECLARED_SELECTOR = YES;
				GCC_WARN_UNINITIALIZED_AUTOS = YES_AGGRESSIVE;
				GCC_WARN_UNUSED_FUNCTION = YES;
				GCC_WARN_UNUSED_VARIABLE = YES;
				IPHONEOS_DEPLOYMENT_TARGET = 11.1;
				MTL_ENABLE_DEBUG_INFO = NO;
				SDKROOT = iphoneos;
				SWIFT_OPTIMIZATION_LEVEL = "-Owholemodule";
				VALIDATE_PRODUCT = YES;
			};
			name = Release;
		};
		D6FE13F6207733D8004B7025 /* Debug */ = {
			isa = XCBuildConfiguration;
			baseConfigurationReference = 386D87172E68E4545B0A2515 /* Pods-3-RxSwift-Debug.debug.xcconfig */;
			buildSettings = {
				ASSETCATALOG_COMPILER_APPICON_NAME = AppIcon;
				CODE_SIGN_STYLE = Manual;
				DEVELOPMENT_TEAM = "";
				INFOPLIST_FILE = "3-RxSwift-Debug/Info.plist";
				LD_RUNPATH_SEARCH_PATHS = "$(inherited) @executable_path/Frameworks";
				PRODUCT_BUNDLE_IDENTIFIER = "io.github.pigfly.--RxSwift-Debug";
				PRODUCT_NAME = "$(TARGET_NAME)";
				PROVISIONING_PROFILE_SPECIFIER = "";
				SWIFT_VERSION = 4.0;
				TARGETED_DEVICE_FAMILY = "1,2";
			};
			name = Debug;
		};
		D6FE13F7207733D8004B7025 /* Release */ = {
			isa = XCBuildConfiguration;
			baseConfigurationReference = D89DD72A3656F95DC1552704 /* Pods-3-RxSwift-Debug.release.xcconfig */;
			buildSettings = {
				ASSETCATALOG_COMPILER_APPICON_NAME = AppIcon;
				CODE_SIGN_STYLE = Manual;
				DEVELOPMENT_TEAM = "";
				INFOPLIST_FILE = "3-RxSwift-Debug/Info.plist";
				LD_RUNPATH_SEARCH_PATHS = "$(inherited) @executable_path/Frameworks";
				PRODUCT_BUNDLE_IDENTIFIER = "io.github.pigfly.--RxSwift-Debug";
				PRODUCT_NAME = "$(TARGET_NAME)";
				PROVISIONING_PROFILE_SPECIFIER = "";
				SWIFT_VERSION = 4.0;
				TARGETED_DEVICE_FAMILY = "1,2";
			};
			name = Release;
		};
/* End XCBuildConfiguration section */

/* Begin XCConfigurationList section */
		D6FE13DE207733D8004B7025 /* Build configuration list for PBXProject "3-RxSwift-Debug" */ = {
			isa = XCConfigurationList;
			buildConfigurations = (
				D6FE13F3207733D8004B7025 /* Debug */,
				D6FE13F4207733D8004B7025 /* Release */,
			);
			defaultConfigurationIsVisible = 0;
			defaultConfigurationName = Release;
		};
		D6FE13F5207733D8004B7025 /* Build configuration list for PBXNativeTarget "3-RxSwift-Debug" */ = {
			isa = XCConfigurationList;
			buildConfigurations = (
				D6FE13F6207733D8004B7025 /* Debug */,
				D6FE13F7207733D8004B7025 /* Release */,
			);
			defaultConfigurationIsVisible = 0;
			defaultConfigurationName = Release;
		};
/* End XCConfigurationList section */
	};
	rootObject = D6FE13DB207733D8004B7025 /* Project object */;
}
